{
  "requires": true,
  "lockfileVersion": 1,
  "dependencies": {
    "@headlessui/react": {
      "version": "1.6.6",
      "resolved": "https://registry.npmjs.org/@headlessui/react/-/react-1.6.6.tgz",
      "integrity": "sha512-MFJtmj9Xh/hhBMhLccGbBoSk+sk61BlP6sJe4uQcVMtXZhCgGqd2GyIQzzmsdPdTEWGSF434CBi8mnhR6um46Q=="
    }
  }
}
